{
  "tokens": [
    "--accent",
    "--accent-rgb",
    "--blur-l",
    "--blur-m",
    "--c-border",
    "--c-border-strong",
    "--c-card",
    "--c-heading",
    "--c-ink",
    "--c-ink-faint",
    "--c-ink-sub",
    "--c-lunar",
    "--c-on-primary",
    "--c-page",
    "--c-primary",
    "--c-primary-dark",
    "--c-primary-soft",
    "--c-sky-bot",
    "--c-sky-mid",
    "--c-sky-top",
    "--c-solar",
    "--ease",
    "--glass",
    "--glass-inset",
    "--glass-line",
    "--line",
    "--line2",
    "--oh-label-geum",
    "--oh-label-hwa",
    "--oh-label-mok",
    "--oh-label-su",
    "--oh-label-to",
    "--pretendard",
    "--shadow-card",
    "--stage-scrim",
    "--tracking"
  ],
  "baseline": {
    "hex": 37,
    "rgba": 42
  }
}
